
Microsoft Visual Studio Solution File, Format Version 12.00
# Visual Studio Version 17
VisualStudioVersion = 17.6.33829.357
MinimumVisualStudioVersion = 10.0.40219.1
Project("{FAE04EC0-301F-11D3-BF4B-00C04F79EFBC}") = "Diffupar", "Diffupar\Diffupar.csproj", "{C6702DCF-1C9F-4AB8-AFBA-074068ECA5EF}"
EndProject
Global
	GlobalSection(SolutionConfigurationPlatforms) = preSolution
		Debug|Any CPU = Debug|Any CPU
		Release|Any CPU = Release|Any CPU
	EndGlobalSection
	GlobalSection(ProjectConfigurationPlatforms) = postSolution
		{C6702DCF-1C9F-4AB8-AFBA-074068ECA5EF}.Debug|Any CPU.ActiveCfg = Debug|Any CPU
		{C6702DCF-1C9F-4AB8-AFBA-074068ECA5EF}.Debug|Any CPU.Build.0 = Debug|Any CPU
		{C6702DCF-1C9F-4AB8-AFBA-074068ECA5EF}.Release|Any CPU.ActiveCfg = Release|Any CPU
		{C6702DCF-1C9F-4AB8-AFBA-074068ECA5EF}.Release|Any CPU.Build.0 = Release|Any CPU
	EndGlobalSection
	GlobalSection(SolutionProperties) = preSolution
		HideSolutionNode = FALSE
	EndGlobalSection
	GlobalSection(ExtensibilityGlobals) = postSolution
		SolutionGuid = {73E6C83D-213C-4EDC-A212-CDB3DEC602EC}
	EndGlobalSection
EndGlobal
