
Microsoft Visual Studio Solution File, Format Version 12.00
# Visual Studio Version 17
VisualStudioVersion = 17.6.33829.357
MinimumVisualStudioVersion = 10.0.40219.1
Project("{FAE04EC0-301F-11D3-BF4B-00C04F79EFBC}") = "Diffupar", "Diffupar\Diffupar.csproj", "{C6702DCF-1C9F-4AB8-AFBA-074068ECA5EF}"
EndProject
Project("{00D1A9C2-B5F0-4AF3-8072-F6C62B433612}") = "DataBase_DW", "DataBase_DW\DataBase_DW.sqlproj", "{121B9D09-B9E2-4897-A7BB-4AD9EE14F442}"
EndProject
Project("{FAE04EC0-301F-11D3-BF4B-00C04F79EFBC}") = "CMD_Lab", "CMD_Lab\CMD_Lab.csproj", "{0F1C1A7C-BF5A-46F1-80E6-11EE0D3F621F}"
EndProject
Project("{FAE04EC0-301F-11D3-BF4B-00C04F79EFBC}") = "ADO", "ADO\ADO.csproj", "{FA46EC22-7C92-44D1-A286-4E42FC6C8814}"
EndProject
Project("{FAE04EC0-301F-11D3-BF4B-00C04F79EFBC}") = "Process", "Process\Process.csproj", "{2611004B-3114-49E7-9574-EFA1ED3F3A8F}"
EndProject
Project("{FAE04EC0-301F-11D3-BF4B-00C04F79EFBC}") = "ASDWP", "ASDWP\ASDWP.csproj", "{9E6E9129-5E09-4C89-AEEF-D5191B5A93CA}"
EndProject
Project("{FAE04EC0-301F-11D3-BF4B-00C04F79EFBC}") = "SapManager", "SapManager\SapManager.csproj", "{D95A8FEA-F1EA-4F53-B9B2-723AC0E1B01D}"
EndProject
Project("{FAE04EC0-301F-11D3-BF4B-00C04F79EFBC}") = "Log", "Log\Log.csproj", "{B9B77BC1-3B0D-4DF1-A8A9-1C04B9D4DBF7}"
EndProject
Project("{FAE04EC0-301F-11D3-BF4B-00C04F79EFBC}") = "ASSapManagement", "ASSapManagement\ASSapManagement.csproj", "{2DA70BA5-5D99-4A10-AF36-81565FE0FF63}"
EndProject
Project("{FAE04EC0-301F-11D3-BF4B-00C04F79EFBC}") = "ComplementosServices", "ComplementosServices\ComplementosServices.csproj", "{D7292162-D66F-4321-AFD8-AEC1F2B8B420}"
EndProject
Global
	GlobalSection(SolutionConfigurationPlatforms) = preSolution
		Debug|Any CPU = Debug|Any CPU
		Development|Any CPU = Development|Any CPU
		Release|Any CPU = Release|Any CPU
	EndGlobalSection
	GlobalSection(ProjectConfigurationPlatforms) = postSolution
		{C6702DCF-1C9F-4AB8-AFBA-074068ECA5EF}.Debug|Any CPU.ActiveCfg = Debug|Any CPU
		{C6702DCF-1C9F-4AB8-AFBA-074068ECA5EF}.Development|Any CPU.ActiveCfg = Debug|Any CPU
		{C6702DCF-1C9F-4AB8-AFBA-074068ECA5EF}.Development|Any CPU.Build.0 = Debug|Any CPU
		{C6702DCF-1C9F-4AB8-AFBA-074068ECA5EF}.Release|Any CPU.ActiveCfg = Release|Any CPU
		{121B9D09-B9E2-4897-A7BB-4AD9EE14F442}.Debug|Any CPU.ActiveCfg = Debug|Any CPU
		{121B9D09-B9E2-4897-A7BB-4AD9EE14F442}.Debug|Any CPU.Deploy.0 = Debug|Any CPU
		{121B9D09-B9E2-4897-A7BB-4AD9EE14F442}.Development|Any CPU.ActiveCfg = Debug|Any CPU
		{121B9D09-B9E2-4897-A7BB-4AD9EE14F442}.Development|Any CPU.Build.0 = Debug|Any CPU
		{121B9D09-B9E2-4897-A7BB-4AD9EE14F442}.Development|Any CPU.Deploy.0 = Debug|Any CPU
		{121B9D09-B9E2-4897-A7BB-4AD9EE14F442}.Release|Any CPU.ActiveCfg = Release|Any CPU
		{121B9D09-B9E2-4897-A7BB-4AD9EE14F442}.Release|Any CPU.Deploy.0 = Release|Any CPU
		{0F1C1A7C-BF5A-46F1-80E6-11EE0D3F621F}.Debug|Any CPU.ActiveCfg = Debug|Any CPU
		{0F1C1A7C-BF5A-46F1-80E6-11EE0D3F621F}.Debug|Any CPU.Build.0 = Debug|Any CPU
		{0F1C1A7C-BF5A-46F1-80E6-11EE0D3F621F}.Development|Any CPU.ActiveCfg = Debug|Any CPU
		{0F1C1A7C-BF5A-46F1-80E6-11EE0D3F621F}.Development|Any CPU.Build.0 = Debug|Any CPU
		{0F1C1A7C-BF5A-46F1-80E6-11EE0D3F621F}.Release|Any CPU.ActiveCfg = Release|Any CPU
		{0F1C1A7C-BF5A-46F1-80E6-11EE0D3F621F}.Release|Any CPU.Build.0 = Release|Any CPU
		{FA46EC22-7C92-44D1-A286-4E42FC6C8814}.Debug|Any CPU.ActiveCfg = Debug|Any CPU
		{FA46EC22-7C92-44D1-A286-4E42FC6C8814}.Debug|Any CPU.Build.0 = Debug|Any CPU
		{FA46EC22-7C92-44D1-A286-4E42FC6C8814}.Development|Any CPU.ActiveCfg = Debug|Any CPU
		{FA46EC22-7C92-44D1-A286-4E42FC6C8814}.Development|Any CPU.Build.0 = Debug|Any CPU
		{FA46EC22-7C92-44D1-A286-4E42FC6C8814}.Release|Any CPU.ActiveCfg = Release|Any CPU
		{FA46EC22-7C92-44D1-A286-4E42FC6C8814}.Release|Any CPU.Build.0 = Release|Any CPU
		{2611004B-3114-49E7-9574-EFA1ED3F3A8F}.Debug|Any CPU.ActiveCfg = Debug|Any CPU
		{2611004B-3114-49E7-9574-EFA1ED3F3A8F}.Debug|Any CPU.Build.0 = Debug|Any CPU
		{2611004B-3114-49E7-9574-EFA1ED3F3A8F}.Development|Any CPU.ActiveCfg = Debug|Any CPU
		{2611004B-3114-49E7-9574-EFA1ED3F3A8F}.Development|Any CPU.Build.0 = Debug|Any CPU
		{2611004B-3114-49E7-9574-EFA1ED3F3A8F}.Release|Any CPU.ActiveCfg = Release|Any CPU
		{2611004B-3114-49E7-9574-EFA1ED3F3A8F}.Release|Any CPU.Build.0 = Release|Any CPU
		{9E6E9129-5E09-4C89-AEEF-D5191B5A93CA}.Debug|Any CPU.ActiveCfg = Debug|Any CPU
		{9E6E9129-5E09-4C89-AEEF-D5191B5A93CA}.Debug|Any CPU.Build.0 = Debug|Any CPU
		{9E6E9129-5E09-4C89-AEEF-D5191B5A93CA}.Development|Any CPU.ActiveCfg = Debug|Any CPU
		{9E6E9129-5E09-4C89-AEEF-D5191B5A93CA}.Development|Any CPU.Build.0 = Debug|Any CPU
		{9E6E9129-5E09-4C89-AEEF-D5191B5A93CA}.Release|Any CPU.ActiveCfg = Release|Any CPU
		{9E6E9129-5E09-4C89-AEEF-D5191B5A93CA}.Release|Any CPU.Build.0 = Release|Any CPU
		{D95A8FEA-F1EA-4F53-B9B2-723AC0E1B01D}.Debug|Any CPU.ActiveCfg = Debug|Any CPU
		{D95A8FEA-F1EA-4F53-B9B2-723AC0E1B01D}.Debug|Any CPU.Build.0 = Debug|Any CPU
		{D95A8FEA-F1EA-4F53-B9B2-723AC0E1B01D}.Development|Any CPU.ActiveCfg = Debug|Any CPU
		{D95A8FEA-F1EA-4F53-B9B2-723AC0E1B01D}.Development|Any CPU.Build.0 = Debug|Any CPU
		{D95A8FEA-F1EA-4F53-B9B2-723AC0E1B01D}.Release|Any CPU.ActiveCfg = Release|Any CPU
		{D95A8FEA-F1EA-4F53-B9B2-723AC0E1B01D}.Release|Any CPU.Build.0 = Release|Any CPU
		{B9B77BC1-3B0D-4DF1-A8A9-1C04B9D4DBF7}.Debug|Any CPU.ActiveCfg = Debug|Any CPU
		{B9B77BC1-3B0D-4DF1-A8A9-1C04B9D4DBF7}.Debug|Any CPU.Build.0 = Debug|Any CPU
		{B9B77BC1-3B0D-4DF1-A8A9-1C04B9D4DBF7}.Development|Any CPU.ActiveCfg = Debug|Any CPU
		{B9B77BC1-3B0D-4DF1-A8A9-1C04B9D4DBF7}.Development|Any CPU.Build.0 = Debug|Any CPU
		{B9B77BC1-3B0D-4DF1-A8A9-1C04B9D4DBF7}.Release|Any CPU.ActiveCfg = Release|Any CPU
		{B9B77BC1-3B0D-4DF1-A8A9-1C04B9D4DBF7}.Release|Any CPU.Build.0 = Release|Any CPU
		{2DA70BA5-5D99-4A10-AF36-81565FE0FF63}.Debug|Any CPU.ActiveCfg = Debug|Any CPU
		{2DA70BA5-5D99-4A10-AF36-81565FE0FF63}.Debug|Any CPU.Build.0 = Debug|Any CPU
		{2DA70BA5-5D99-4A10-AF36-81565FE0FF63}.Development|Any CPU.ActiveCfg = Debug|Any CPU
		{2DA70BA5-5D99-4A10-AF36-81565FE0FF63}.Development|Any CPU.Build.0 = Debug|Any CPU
		{2DA70BA5-5D99-4A10-AF36-81565FE0FF63}.Release|Any CPU.ActiveCfg = Release|Any CPU
		{2DA70BA5-5D99-4A10-AF36-81565FE0FF63}.Release|Any CPU.Build.0 = Release|Any CPU
		{D7292162-D66F-4321-AFD8-AEC1F2B8B420}.Debug|Any CPU.ActiveCfg = Debug|Any CPU
		{D7292162-D66F-4321-AFD8-AEC1F2B8B420}.Debug|Any CPU.Build.0 = Debug|Any CPU
		{D7292162-D66F-4321-AFD8-AEC1F2B8B420}.Development|Any CPU.ActiveCfg = Debug|Any CPU
		{D7292162-D66F-4321-AFD8-AEC1F2B8B420}.Development|Any CPU.Build.0 = Debug|Any CPU
		{D7292162-D66F-4321-AFD8-AEC1F2B8B420}.Release|Any CPU.ActiveCfg = Release|Any CPU
		{D7292162-D66F-4321-AFD8-AEC1F2B8B420}.Release|Any CPU.Build.0 = Release|Any CPU
	EndGlobalSection
	GlobalSection(SolutionProperties) = preSolution
		HideSolutionNode = FALSE
	EndGlobalSection
	GlobalSection(ExtensibilityGlobals) = postSolution
		SolutionGuid = {73E6C83D-213C-4EDC-A212-CDB3DEC602EC}
	EndGlobalSection
EndGlobal
